# THIS IS AN AUTOGENERATED FILE. DO NOT EDIT THIS FILE DIRECTLY.
# yarn lockfile v1


"@clack/core@^0.3.2":
  version "0.3.2"
  resolved "https://registry.npmjs.org/@clack/core/-/core-0.3.2.tgz"
  integrity sha512-FZnsNynwGDIDktx6PEZK1EuCkFpY4ldEX6VYvfl0dqeoLPb9Jpw1xoUXaVcGR8ExmYNm1w2vdGdJkEUYD/2pqg==
  dependencies:
    picocolors "^1.0.0"
    sisteransi "^1.0.5"

"@clack/prompts@^0.6.3":
  version "0.6.3"
  resolved "https://registry.npmjs.org/@clack/prompts/-/prompts-0.6.3.tgz"
  integrity sha512-AM+kFmAHawpUQv2q9+mcB6jLKxXGjgu/r2EQjEwujgpCdzrST6BJqYw00GRn56/L/Izw5U7ImoLmy00X/r80Pw==
  dependencies:
    "@clack/core" "^0.3.2"
    picocolors "^1.0.0"
    sisteransi "^1.0.5"

"@esbuild/win32-x64@0.17.15":
  version "0.17.15"
  resolved "https://registry.npmjs.org/@esbuild/win32-x64/-/win32-x64-0.17.15.tgz"
  integrity sha512-DjDa9ywLUUmjhV2Y9wUTIF+1XsmuFGvZoCmOWkli1XcNAh5t25cc7fgsCx4Zi/Uurep3TTLyDiKATgGEg61pkA==

"@jridgewell/sourcemap-codec@^1.4.13":
  version "1.4.15"
  resolved "https://registry.npmjs.org/@jridgewell/sourcemap-codec/-/sourcemap-codec-1.4.15.tgz"
  integrity sha512-eF2rxCRulEKXHTRiDrDy6erMYWqNw4LPdQ8UQA4huuxaQsVeRPFl2oM8oDGxMFhJUWZf9McpLtJasDDZb/Bpeg==

"@rollup/plugin-alias@^4.0.3":
  version "4.0.4"
  resolved "https://registry.npmjs.org/@rollup/plugin-alias/-/plugin-alias-4.0.4.tgz"
  integrity sha512-0CaAY238SMtYAWEXXptWSR8iz8NYZnH7zNBKuJ14xFJSGwLtPgjvXYsoApAHfzYXXH1ejxpVw7WlHss3zhh9SQ==
  dependencies:
    slash "^4.0.0"

"@rollup/plugin-commonjs@^24.0.1":
  version "24.0.1"
  resolved "https://registry.npmjs.org/@rollup/plugin-commonjs/-/plugin-commonjs-24.0.1.tgz"
  integrity sha512-15LsiWRZk4eOGqvrJyu3z3DaBu5BhXIMeWnijSRvd8irrrg9SHpQ1pH+BUK4H6Z9wL9yOxZJMTLU+Au86XHxow==
  dependencies:
    "@rollup/pluginutils" "^5.0.1"
    commondir "^1.0.1"
    estree-walker "^2.0.2"
    glob "^8.0.3"
    is-reference "1.2.1"
    magic-string "^0.27.0"

"@rollup/plugin-inject@^5.0.3":
  version "5.0.3"
  resolved "https://registry.npmjs.org/@rollup/plugin-inject/-/plugin-inject-5.0.3.tgz"
  integrity sha512-411QlbL+z2yXpRWFXSmw/teQRMkXcAAC8aYTemc15gwJRpvEVDQwoe+N/HTFD8RFG8+88Bme9DK2V9CVm7hJdA==
  dependencies:
    "@rollup/pluginutils" "^5.0.1"
    estree-walker "^2.0.2"
    magic-string "^0.27.0"

"@rollup/plugin-json@^6.0.0":
  version "6.0.0"
  resolved "https://registry.npmjs.org/@rollup/plugin-json/-/plugin-json-6.0.0.tgz"
  integrity sha512-i/4C5Jrdr1XUarRhVu27EEwjt4GObltD7c+MkCIpO2QIbojw8MUs+CCTqOphQi3Qtg1FLmYt+l+6YeoIf51J7w==
  dependencies:
    "@rollup/pluginutils" "^5.0.1"

"@rollup/plugin-node-resolve@^15.0.1":
  version "15.0.2"
  resolved "https://registry.npmjs.org/@rollup/plugin-node-resolve/-/plugin-node-resolve-15.0.2.tgz"
  integrity sha512-Y35fRGUjC3FaurG722uhUuG8YHOJRJQbI6/CkbRkdPotSpDj9NtIN85z1zrcyDcCQIW4qp5mgG72U+gJ0TAFEg==
  dependencies:
    "@rollup/pluginutils" "^5.0.1"
    "@types/resolve" "1.20.2"
    deepmerge "^4.2.2"
    is-builtin-module "^3.2.1"
    is-module "^1.0.0"
    resolve "^1.22.1"

"@rollup/plugin-replace@^5.0.2":
  version "5.0.2"
  resolved "https://registry.npmjs.org/@rollup/plugin-replace/-/plugin-replace-5.0.2.tgz"
  integrity sha512-M9YXNekv/C/iHHK+cvORzfRYfPbq0RDD8r0G+bMiTXjNGKulPnCT9O3Ss46WfhI6ZOCgApOP7xAdmCQJ+U2LAA==
  dependencies:
    "@rollup/pluginutils" "^5.0.1"
    magic-string "^0.27.0"

"@rollup/pluginutils@^5.0.1", "@rollup/pluginutils@^5.0.2":
  version "5.0.2"
  resolved "https://registry.npmjs.org/@rollup/pluginutils/-/pluginutils-5.0.2.tgz"
  integrity sha512-pTd9rIsP92h+B6wWwFbW8RkZv4hiR/xKsqre4SIuAOaOEQRxi0lqLke9k2/7WegC85GgUs9pjmOjCUi3In4vwA==
  dependencies:
    "@types/estree" "^1.0.0"
    estree-walker "^2.0.2"
    picomatch "^2.3.1"

"@types/estree@*", "@types/estree@^1.0.0":
  version "1.0.0"
  resolved "https://registry.npmjs.org/@types/estree/-/estree-1.0.0.tgz"
  integrity sha512-WulqXMDUTYAXCjZnk6JtIHPigp55cVtDgDrO2gHRwhyJto21+1zbVCtOYB2L1F9w4qCQ0rOGWBnBe0FNTiEJIQ==

"@types/lodash@^4.14.192":
  version "4.14.192"
  resolved "https://registry.npmjs.org/@types/lodash/-/lodash-4.14.192.tgz"
  integrity sha512-km+Vyn3BYm5ytMO13k9KTp27O75rbQ0NFw+U//g+PX7VZyjCioXaRFisqSIJRECljcTv73G3i6BpglNGHgUQ5A==

"@types/node@^18.15.11":
  version "18.15.11"
  resolved "https://registry.npmjs.org/@types/node/-/node-18.15.11.tgz"
  integrity sha512-E5Kwq2n4SbMzQOn6wnmBjuK9ouqlURrcZDVfbo9ftDDTFt3nk7ZKK4GMOzoYgnpQJKcxwQw+lGaBvvlMo0qN/Q==

"@types/resolve@1.20.2":
  version "1.20.2"
  resolved "https://registry.npmjs.org/@types/resolve/-/resolve-1.20.2.tgz"
  integrity sha512-60BCwRFOZCQhDncwQdxxeOEEkbc5dIMccYLwbxsS4TUNeVECQ/pBJ0j09mrHOl/JJvpRPGwO9SvE4nR2Nb/a4Q==

balanced-match@^1.0.0:
  version "1.0.2"
  resolved "https://registry.npmjs.org/balanced-match/-/balanced-match-1.0.2.tgz"
  integrity sha512-3oSeUO0TMV67hN1AmbXsK4yaqU7tjiHlbxRDZOpH0KW9+CeX4bRAaX0Anxt0tx2MrpRpWwQaPwIlISEJhYU5Pw==

brace-expansion@^2.0.1:
  version "2.0.1"
  resolved "https://registry.npmjs.org/brace-expansion/-/brace-expansion-2.0.1.tgz"
  integrity sha512-XnAIvQ8eM+kC6aULx6wuQiwVsnzsi9d3WxzV3FpWTGA19F621kwdbsAcFKXgKUHZWsy+mY6iL1sHTxWEFCytDA==
  dependencies:
    balanced-match "^1.0.0"

builtin-modules@^3.3.0:
  version "3.3.0"
  resolved "https://registry.npmjs.org/builtin-modules/-/builtin-modules-3.3.0.tgz"
  integrity sha512-zhaCDicdLuWN5UbN5IMnFqNMhNfo919sH85y2/ea+5Yg9TsTkeZxpL+JLbp6cgYFS4sRLp3YV4S6yDuqVWHYOw==

cleye@^1.3.2:
  version "1.3.2"
  resolved "https://registry.npmjs.org/cleye/-/cleye-1.3.2.tgz"
  integrity sha512-MngIC2izcCz07iRKr3Pe8Z6ZBv4zbKFl/YnQEN/aMHis6PpH+MxI2e6n0bMUAmSVlMoAyQkdBCSTbfDmtcSovQ==
  dependencies:
    terminal-columns "^1.4.1"
    type-flag "^3.0.0"

commondir@^1.0.1:
  version "1.0.1"
  resolved "https://registry.npmjs.org/commondir/-/commondir-1.0.1.tgz"
  integrity sha512-W9pAhw0ja1Edb5GVdIF1mjZw/ASI0AlShXM83UUGe2DVr5TdAPEA1OA8m/g8zWp9x6On7gqufY+FatDbC3MDQg==

deepmerge@^4.2.2:
  version "4.3.1"
  resolved "https://registry.npmjs.org/deepmerge/-/deepmerge-4.3.1.tgz"
  integrity sha512-3sUqbMEc77XqpdNO7FRyRog+eW3ph+GYCbj+rK+uYyRMuwsVy0rMiVtPn+QJlKFvWP/1PYpapqYn0Me2knFn+A==

esbuild@^0.17.7:
  version "0.17.15"
  resolved "https://registry.npmjs.org/esbuild/-/esbuild-0.17.15.tgz"
  integrity sha512-LBUV2VsUIc/iD9ME75qhT4aJj0r75abCVS0jakhFzOtR7TQsqQA5w0tZ+KTKnwl3kXE0MhskNdHDh/I5aCR1Zw==
  optionalDependencies:
    "@esbuild/android-arm" "0.17.15"
    "@esbuild/android-arm64" "0.17.15"
    "@esbuild/android-x64" "0.17.15"
    "@esbuild/darwin-arm64" "0.17.15"
    "@esbuild/darwin-x64" "0.17.15"
    "@esbuild/freebsd-arm64" "0.17.15"
    "@esbuild/freebsd-x64" "0.17.15"
    "@esbuild/linux-arm" "0.17.15"
    "@esbuild/linux-arm64" "0.17.15"
    "@esbuild/linux-ia32" "0.17.15"
    "@esbuild/linux-loong64" "0.17.15"
    "@esbuild/linux-mips64el" "0.17.15"
    "@esbuild/linux-ppc64" "0.17.15"
    "@esbuild/linux-riscv64" "0.17.15"
    "@esbuild/linux-s390x" "0.17.15"
    "@esbuild/linux-x64" "0.17.15"
    "@esbuild/netbsd-x64" "0.17.15"
    "@esbuild/openbsd-x64" "0.17.15"
    "@esbuild/sunos-x64" "0.17.15"
    "@esbuild/win32-arm64" "0.17.15"
    "@esbuild/win32-ia32" "0.17.15"
    "@esbuild/win32-x64" "0.17.15"

estree-walker@^2.0.2:
  version "2.0.2"
  resolved "https://registry.npmjs.org/estree-walker/-/estree-walker-2.0.2.tgz"
  integrity sha512-Rfkk/Mp/DL7JVje3u18FxFujQlTNR2q6QfMSMB7AvCBx91NGj/ba3kCfza0f6dVDbw7YlRf/nDrn7pQrCCyQ/w==

fs.realpath@^1.0.0:
  version "1.0.0"
  resolved "https://registry.npmjs.org/fs.realpath/-/fs.realpath-1.0.0.tgz"
  integrity sha512-OO0pH2lK6a0hZnAdau5ItzHPI6pUlvI7jMVnxUQRtw4owF2wk8lOSabtGDCTP4Ggrg2MbGnWO9X8K1t4+fGMDw==

function-bind@^1.1.1:
  version "1.1.1"
  resolved "https://registry.npmjs.org/function-bind/-/function-bind-1.1.1.tgz"
  integrity sha512-yIovAzMX49sF8Yl58fSCWJ5svSLuaibPxXQJFLmBObTuCr0Mf1KiPopGM9NiFjiYBCbfaa2Fh6breQ6ANVTI0A==

glob@^8.0.3:
  version "8.1.0"
  resolved "https://registry.npmjs.org/glob/-/glob-8.1.0.tgz"
  integrity sha512-r8hpEjiQEYlF2QU0df3dS+nxxSIreXQS1qRhMJM0Q5NDdR386C7jb7Hwwod8Fgiuex+k0GFjgft18yvxm5XoCQ==
  dependencies:
    fs.realpath "^1.0.0"
    inflight "^1.0.4"
    inherits "2"
    minimatch "^5.0.1"
    once "^1.3.0"

has@^1.0.3:
  version "1.0.3"
  resolved "https://registry.npmjs.org/has/-/has-1.0.3.tgz"
  integrity sha512-f2dvO0VU6Oej7RkWJGrehjbzMAjFp5/VKPp5tTpWIV4JHHZK1/BxbFRtf/siA2SWTe09caDmVtYYzWEIbBS4zw==
  dependencies:
    function-bind "^1.1.1"

inflight@^1.0.4:
  version "1.0.6"
  resolved "https://registry.npmjs.org/inflight/-/inflight-1.0.6.tgz"
  integrity sha512-k92I/b08q4wvFscXCLvqfsHCrjrF7yiXsQuIVvVE7N82W3+aqpzuUdBbfhWcy/FZR3/4IgflMgKLOsvPDrGCJA==
  dependencies:
    once "^1.3.0"
    wrappy "1"

inherits@2:
  version "2.0.4"
  resolved "https://registry.npmjs.org/inherits/-/inherits-2.0.4.tgz"
  integrity sha512-k/vGaX4/Yla3WzyMCvTQOXYeIHvqOKtnqBduzTHpzpQZzAskKMhZ2K+EnBiSM9zGSoIFeMpXKxa4dYeZIQqewQ==

is-builtin-module@^3.2.1:
  version "3.2.1"
  resolved "https://registry.npmjs.org/is-builtin-module/-/is-builtin-module-3.2.1.tgz"
  integrity sha512-BSLE3HnV2syZ0FK0iMA/yUGplUeMmNz4AW5fnTunbCIqZi4vG3WjJT9FHMy5D69xmAYBHXQhJdALdpwVxV501A==
  dependencies:
    builtin-modules "^3.3.0"

is-core-module@^2.11.0:
  version "2.11.0"
  resolved "https://registry.npmjs.org/is-core-module/-/is-core-module-2.11.0.tgz"
  integrity sha512-RRjxlvLDkD1YJwDbroBHMb+cukurkDWNyHx7D3oNB5x9rb5ogcksMC5wHCadcXoo67gVr/+3GFySh3134zi6rw==
  dependencies:
    has "^1.0.3"

is-module@^1.0.0:
  version "1.0.0"
  resolved "https://registry.npmjs.org/is-module/-/is-module-1.0.0.tgz"
  integrity sha512-51ypPSPCoTEIN9dy5Oy+h4pShgJmPCygKfyRCISBI+JoWT/2oJvK8QPxmwv7b/p239jXrm9M1mlQbyKJ5A152g==

is-reference@1.2.1:
  version "1.2.1"
  resolved "https://registry.npmjs.org/is-reference/-/is-reference-1.2.1.tgz"
  integrity sha512-U82MsXXiFIrjCK4otLT+o2NA2Cd2g5MLoOVXUZjIOhLurrRxpEXzI8O0KZHr3IjLvlAH1kTPYSuqer5T9ZVBKQ==
  dependencies:
    "@types/estree" "*"

jiti@^1.18.2:
  version "1.18.2"
  resolved "https://registry.npmjs.org/jiti/-/jiti-1.18.2.tgz"
  integrity sha512-QAdOptna2NYiSSpv0O/BwoHBSmz4YhpzJHyi+fnMRTXFjp7B8i/YG5Z8IfusxB1ufjcD2Sre1F3R+nX3fvy7gg==

lodash@^4.17.21:
  version "4.17.21"
  resolved "https://registry.npmjs.org/lodash/-/lodash-4.17.21.tgz"
  integrity sha512-v2kDEe57lecTulaDIuNTPy3Ry4gLGJ6Z1O3vE1krgXZNrsQ+LFTGHVxVjcXPs17LhbZVGedAJv8XZ1tvj5FvSg==

magic-string@^0.27.0:
  version "0.27.0"
  resolved "https://registry.npmjs.org/magic-string/-/magic-string-0.27.0.tgz"
  integrity sha512-8UnnX2PeRAPZuN12svgR9j7M1uWMovg/CEnIwIG0LFkXSJJe4PdfUGiTGl8V9bsBHFUtfVINcSyYxd7q+kx9fA==
  dependencies:
    "@jridgewell/sourcemap-codec" "^1.4.13"

magic-string@^0.29.0:
  version "0.29.0"
  resolved "https://registry.npmjs.org/magic-string/-/magic-string-0.29.0.tgz"
  integrity sha512-WcfidHrDjMY+eLjlU+8OvwREqHwpgCeKVBUpQ3OhYYuvfaYCUgcbuBzappNzZvg/v8onU3oQj+BYpkOJe9Iw4Q==
  dependencies:
    "@jridgewell/sourcemap-codec" "^1.4.13"

minimatch@^5.0.1:
  version "5.1.6"
  resolved "https://registry.npmjs.org/minimatch/-/minimatch-5.1.6.tgz"
  integrity sha512-lKwV/1brpG6mBUFHtb7NUmtABCb2WZZmm2wNiOA5hAb8VdCS4B3dtMWyvcoViccwAW/COERjXLt0zP1zXUN26g==
  dependencies:
    brace-expansion "^2.0.1"

once@^1.3.0:
  version "1.4.0"
  resolved "https://registry.npmjs.org/once/-/once-1.4.0.tgz"
  integrity sha512-lNaJgI+2Q5URQBkccEKHTQOPaXdUxnZZElQTZY0MFUAuaEqe1E+Nyvgdz/aIyNi6Z9MzO5dv1H8n58/GELp3+w==
  dependencies:
    wrappy "1"

path-parse@^1.0.7:
  version "1.0.7"
  resolved "https://registry.npmjs.org/path-parse/-/path-parse-1.0.7.tgz"
  integrity sha512-LDJzPVEEEPR+y48z93A0Ed0yXb8pAByGWo/k5YYdYgpY2/2EsOsksJrq7lOHxryrVOn1ejG6oAp8ahvOIQD8sw==

picocolors@^1.0.0:
  version "1.0.0"
  resolved "https://registry.npmjs.org/picocolors/-/picocolors-1.0.0.tgz"
  integrity sha512-1fygroTLlHu66zi26VoTDv8yRgm0Fccecssto+MhsZ0D/DGW2sm8E8AjW7NU5VVTRt5GxbeZ5qBuJr+HyLYkjQ==

picomatch@^2.3.1:
  version "2.3.1"
  resolved "https://registry.npmjs.org/picomatch/-/picomatch-2.3.1.tgz"
  integrity sha512-JU3teHTNjmE2VCGFzuY8EXzCDVwEqB2a8fsIvwaStHhAWJEeVd1o1QD80CU6+ZdEXXSLbSsuLwJjkCBWqRQUVA==

pkgroll@^1.9.0:
  version "1.9.0"
  resolved "https://registry.npmjs.org/pkgroll/-/pkgroll-1.9.0.tgz"
  integrity sha512-/DU749mcLLo3NHvCNi87nIIQkzk0nh3ZIq4fRWmgr1V+2UTJRgVCvg/nxn2Hz+Mv4j7CTxutdAOOgmu+wSi5bw==
  dependencies:
    "@rollup/plugin-alias" "^4.0.3"
    "@rollup/plugin-commonjs" "^24.0.1"
    "@rollup/plugin-inject" "^5.0.3"
    "@rollup/plugin-json" "^6.0.0"
    "@rollup/plugin-node-resolve" "^15.0.1"
    "@rollup/plugin-replace" "^5.0.2"
    "@rollup/pluginutils" "^5.0.2"
    esbuild "^0.17.7"
    magic-string "^0.29.0"
    rollup "^2.79.1"

prettier@^2.8.7:
  version "2.8.7"
  resolved "https://registry.npmjs.org/prettier/-/prettier-2.8.7.tgz"
  integrity sha512-yPngTo3aXUUmyuTjeTUT75txrf+aMh9FiD7q9ZE/i6r0bPb22g4FsE6Y338PQX1bmfy08i9QQCB7/rcUAVntfw==

resolve@^1.22.1:
  version "1.22.2"
  resolved "https://registry.npmjs.org/resolve/-/resolve-1.22.2.tgz"
  integrity sha512-Sb+mjNHOULsBv818T40qSPeRiuWLyaGMa5ewydRLFimneixmVy2zdivRl+AF6jaYPC8ERxGDmFSiqui6SfPd+g==
  dependencies:
    is-core-module "^2.11.0"
    path-parse "^1.0.7"
    supports-preserve-symlinks-flag "^1.0.0"

rollup@^1.20.0||^2.0.0||^3.0.0, rollup@^2.68.0||^3.0.0, rollup@^2.78.0||^3.0.0, rollup@^2.79.1:
  version "2.79.1"
  resolved "https://registry.npmjs.org/rollup/-/rollup-2.79.1.tgz"
  integrity sha512-uKxbd0IhMZOhjAiD5oAFp7BqvkA4Dv47qpOCtaNvng4HBwdbWtdOh8f5nZNuk2rp51PMGk3bzfWu5oayNEuYnw==
  optionalDependencies:
    fsevents "~2.3.2"

sisteransi@^1.0.5:
  version "1.0.5"
  resolved "https://registry.npmjs.org/sisteransi/-/sisteransi-1.0.5.tgz"
  integrity sha512-bLGGlR1QxBcynn2d5YmDX4MGjlZvy2MRBDRNHLJ8VI6l6+9FUiyTFNJ0IveOSP0bcXgVDPRcfGqA0pjaqUpfVg==

slash@^4.0.0:
  version "4.0.0"
  resolved "https://registry.npmjs.org/slash/-/slash-4.0.0.tgz"
  integrity sha512-3dOsAHXXUkQTpOYcoAxLIorMTp4gIQr5IW3iVb7A7lFIp0VHhnynm9izx6TssdrIcVIESAlVjtnO2K8bg+Coew==

supports-preserve-symlinks-flag@^1.0.0:
  version "1.0.0"
  resolved "https://registry.npmjs.org/supports-preserve-symlinks-flag/-/supports-preserve-symlinks-flag-1.0.0.tgz"
  integrity sha512-ot0WnXS9fgdkgIcePe6RHNk1WA8+muPa6cSjeR3V8K27q9BB1rTE3R1p7Hv0z1ZyAc8s6Vvv8DIyWf681MAt0w==

terminal-columns@^1.4.1:
  version "1.4.1"
  resolved "https://registry.npmjs.org/terminal-columns/-/terminal-columns-1.4.1.tgz"
  integrity sha512-IKVL/itiMy947XWVv4IHV7a0KQXvKjj4ptbi7Ew9MPMcOLzkiQeyx3Gyvh62hKrfJ0RZc4M1nbhzjNM39Kyujw==

type-flag@^3.0.0:
  version "3.0.0"
  resolved "https://registry.npmjs.org/type-flag/-/type-flag-3.0.0.tgz"
  integrity sha512-3YaYwMseXCAhBB14RXW5cRQfJQlEknS6i4C8fCfeUdS3ihG9EdccdR9kt3vP73ZdeTGmPb4bZtkDn5XMIn1DLA==

typescript@^4.1, typescript@^4.9.5:
  version "4.9.5"
  resolved "https://registry.npmjs.org/typescript/-/typescript-4.9.5.tgz"
  integrity sha512-1FXk9E2Hm+QzZQ7z+McJiHL4NW1F2EzMu9Nq9i3zAaGqibafqYwCVU6WyWAuyQRRzOlxou8xZSyXLEN8oKj24g==

wrappy@1:
  version "1.0.2"
  resolved "https://registry.npmjs.org/wrappy/-/wrappy-1.0.2.tgz"
  integrity sha512-l4Sp/DRseor9wL6EvV2+TuQn63dMkPjZ/sp9XkghTEbV9KlPS1xUsZ3u7/IQO4wxtcFB4bgpQPRcR3QCvezPcQ==
